github.com/BurntSushi/toml v0.3.1 h1:WXkYYl6Yr3qBf1K79EBnL4mak0OimBfB0XUf9Vl28OQ=
github.com/BurntSushi/toml v0.3.1/go.mod h1:xHWCNGjB5oqiDr8zfno3MHue2Ht5sIBksp03qcyfWMU=
github.com/libgolang/log v1.0.17 h1:IkpFXSyr+P7w2zq4Y5TBmRs/ZmdqolIhaI6c3Vzwbig=
github.com/libgolang/log v1.0.17/go.mod h1:soZRiwFDEyzDSFFmXoYOOrTJTHjZT4pLkyapv72BBq4=
github.com/libgolang/log/v2 v2.0.27 h1:2WrLbAgIexCmBu+qFQMqAG9UwQvMtGDVODs2KuRAtaI=
github.com/libgolang/log/v2 v2.0.27/go.mod h1:WSmpEV0RYCMqSzIi9B4pLP0N7g74+Iq0F0ltA+bua2k=
github.com/libgolang/props v1.2.363 h1:3fs0Bnrfat4Y/6dVgmI8d7ukL1V+tTiq/bKJ+V2+KRM=
github.com/libgolang/props v1.2.363/go.mod h1:UXtVdzwMxGr7EgF2OXEWJtrTWzRWjPfnHfV1CP1Y8bQ=
